
Microsoft Visual Studio Solution File, Format Version 12.00
# Visual Studio Version 17
VisualStudioVersion = 17.14.37111.16 d17.14
MinimumVisualStudioVersion = 10.0.40219.1
Project("{FAE04EC0-301F-11D3-BF4B-00C04F79EFBC}") = "Backend", "Backend\Backend.csproj", "{B95C2023-195B-4ABD-8CC1-6539677067F8}"
EndProject
Global
	GlobalSection(SolutionConfigurationPlatforms) = preSolution
		Debug|Any CPU = Debug|Any CPU
		Release|Any CPU = Release|Any CPU
	EndGlobalSection
	GlobalSection(ProjectConfigurationPlatforms) = postSolution
		{B95C2023-195B-4ABD-8CC1-6539677067F8}.Debug|Any CPU.ActiveCfg = Debug|Any CPU
		{B95C2023-195B-4ABD-8CC1-6539677067F8}.Debug|Any CPU.Build.0 = Debug|Any CPU
		{B95C2023-195B-4ABD-8CC1-6539677067F8}.Release|Any CPU.ActiveCfg = Release|Any CPU
		{B95C2023-195B-4ABD-8CC1-6539677067F8}.Release|Any CPU.Build.0 = Release|Any CPU
	EndGlobalSection
	GlobalSection(SolutionProperties) = preSolution
		HideSolutionNode = FALSE
	EndGlobalSection
	GlobalSection(ExtensibilityGlobals) = postSolution
		SolutionGuid = {444F1DA9-A119-477B-9B27-89664178DA1D}
	EndGlobalSection
EndGlobal
